// !$*UTF8*$!
{
	archiveVersion = 1;
	classes = {
	};
	objectVersion = 46;
	objects = {

/* Begin PBXBuildFile section */
		3EE7A054182255B1002E246C /* Foundation.framework in Frameworks */ = {isa = PBXBuildFile; fileRef = 3EE7A053182255B1002E246C /* Foundation.framework */; };
		3EE7A056182255B1002E246C /* CoreGraphics.framework in Frameworks */ = {isa = PBXBuildFile; fileRef = 3EE7A055182255B1002E246C /* CoreGraphics.framework */; };
		3EE7A058182255B1002E246C /* UIKit.framework in Frameworks */ = {isa = PBXBuildFile; fileRef = 3EE7A057182255B1002E246C /* UIKit.framework */; };
		3EE7A05E182255B1002E246C /* InfoPlist.strings in Resources */ = {isa = PBXBuildFile; fileRef = 3EE7A05C182255B1002E246C /* InfoPlist.strings */; };
		3EE7A060182255B1002E246C /* main.m in Sources */ = {isa = PBXBuildFile; fileRef = 3EE7A05F182255B1002E246C /* main.m */; };
		3EE7A064182255B1002E246C /* AppDelegate.m in Sources */ = {isa = PBXBuildFile; fileRef = 3EE7A063182255B1002E246C /* AppDelegate.m */; };
		3EE7A066182255B1002E246C /* Images.xcassets in Resources */ = {isa = PBXBuildFile; fileRef = 3EE7A065182255B1002E246C /* Images.xcassets */; };
		3EE7A06D182255B1002E246C /* XCTest.framework in Frameworks */ = {isa = PBXBuildFile; fileRef = 3EE7A06C182255B1002E246C /* XCTest.framework */; };
		3EE7A06E182255B1002E246C /* Foundation.framework in Frameworks */ = {isa = PBXBuildFile; fileRef = 3EE7A053182255B1002E246C /* Foundation.framework */; };
		3EE7A06F182255B1002E246C /* UIKit.framework in Frameworks */ = {isa = PBXBuildFile; fileRef = 3EE7A057182255B1002E246C /* UIKit.framework */; };
		3EE7A077182255B1002E246C /* InfoPlist.strings in Resources */ = {isa = PBXBuildFile; fileRef = 3EE7A075182255B1002E246C /* InfoPlist.strings */; };
		3EE7A079182255B1002E246C /* PMMMTests.m in Sources */ = {isa = PBXBuildFile; fileRef = 3EE7A078182255B1002E246C /* PMMMTests.m */; };
/* End PBXBuildFile section */

/* Begin PBXContainerItemProxy section */
		3EE7A070182255B1002E246C /* PBXContainerItemProxy */ = {
			isa = PBXContainerItemProxy;
			containerPortal = 3EE7A048182255B1002E246C /* Project object */;
			proxyType = 1;
			remoteGlobalIDString = 3EE7A04F182255B1002E246C;
			remoteInfo = PMMM;
		};
/* End PBXContainerItemProxy section */

/* Begin PBXFileReference section */
		3EE7A050182255B1002E246C /* PMMM.app */ = {isa = PBXFileReference; explicitFileType = wrapper.application; includeInIndex = 0; path = PMMM.app; sourceTree = BUILT_PRODUCTS_DIR; };
		3EE7A053182255B1002E246C /* Foundation.framework */ = {isa = PBXFileReference; lastKnownFileType = wrapper.framework; name = Foundation.framework; path = System/Library/Frameworks/Foundation.framework; sourceTree = SDKROOT; };
		3EE7A055182255B1002E246C /* CoreGraphics.framework */ = {isa = PBXFileReference; lastKnownFileType = wrapper.framework; name = CoreGraphics.framework; path = System/Library/Frameworks/CoreGraphics.framework; sourceTree = SDKROOT; };
		3EE7A057182255B1002E246C /* UIKit.framework */ = {isa = PBXFileReference; lastKnownFileType = wrapper.framework; name = UIKit.framework; path = System/Library/Frameworks/UIKit.framework; sourceTree = SDKROOT; };
		3EE7A05B182255B1002E246C /* PMMM-Info.plist */ = {isa = PBXFileReference; lastKnownFileType = text.plist.xml; path = "PMMM-Info.plist"; sourceTree = "<group>"; };
		3EE7A05D182255B1002E246C /* en */ = {isa = PBXFileReference; lastKnownFileType = text.plist.strings; name = en; path = en.lproj/InfoPlist.strings; sourceTree = "<group>"; };
		3EE7A05F182255B1002E246C /* main.m */ = {isa = PBXFileReference; lastKnownFileType = sourcecode.c.objc; path = main.m; sourceTree = "<group>"; };
		3EE7A061182255B1002E246C /* PMMM-Prefix.pch */ = {isa = PBXFileReference; lastKnownFileType = sourcecode.c.h; path = "PMMM-Prefix.pch"; sourceTree = "<group>"; };
		3EE7A062182255B1002E246C /* AppDelegate.h */ = {isa = PBXFileReference; lastKnownFileType = sourcecode.c.h; path = AppDelegate.h; sourceTree = "<group>"; };
		3EE7A063182255B1002E246C /* AppDelegate.m */ = {isa = PBXFileReference; lastKnownFileType = sourcecode.c.objc; path = AppDelegate.m; sourceTree = "<group>"; };
		3EE7A065182255B1002E246C /* Images.xcassets */ = {isa = PBXFileReference; lastKnownFileType = folder.assetcatalog; path = Images.xcassets; sourceTree = "<group>"; };
		3EE7A06B182255B1002E246C /* PMMMTests.xctest */ = {isa = PBXFileReference; explicitFileType = wrapper.cfbundle; includeInIndex = 0; path = PMMMTests.xctest; sourceTree = BUILT_PRODUCTS_DIR; };
		3EE7A06C182255B1002E246C /* XCTest.framework */ = {isa = PBXFileReference; lastKnownFileType = wrapper.framework; name = XCTest.framework; path = Library/Frameworks/XCTest.framework; sourceTree = DEVELOPER_DIR; };
		3EE7A074182255B1002E246C /* PMMMTests-Info.plist */ = {isa = PBXFileReference; lastKnownFileType = text.plist.xml; path = "PMMMTests-Info.plist"; sourceTree = "<group>"; };
		3EE7A076182255B1002E246C /* en */ = {isa = PBXFileReference; lastKnownFileType = text.plist.strings; name = en; path = en.lproj/InfoPlist.strings; sourceTree = "<group>"; };
		3EE7A078182255B1002E246C /* PMMMTests.m */ = {isa = PBXFileReference; lastKnownFileType = sourcecode.c.objc; path = PMMMTests.m; sourceTree = "<group>"; };
/* End PBXFileReference section */

/* Begin PBXFrameworksBuildPhase section */
		3EE7A04D182255B1002E246C /* Frameworks */ = {
			isa = PBXFrameworksBuildPhase;
			buildActionMask = 2147483647;
			files = (
				3EE7A056182255B1002E246C /* CoreGraphics.framework in Frameworks */,
				3EE7A058182255B1002E246C /* UIKit.framework in Frameworks */,
				3EE7A054182255B1002E246C /* Foundation.framework in Frameworks */,
			);
			runOnlyForDeploymentPostprocessing = 0;
		};
		3EE7A068182255B1002E246C /* Frameworks */ = {
			isa = PBXFrameworksBuildPhase;
			buildActionMask = 2147483647;
			files = (
				3EE7A06D182255B1002E246C /* XCTest.framework in Frameworks */,
				3EE7A06F182255B1002E246C /* UIKit.framework in Frameworks */,
				3EE7A06E182255B1002E246C /* Foundation.framework in Frameworks */,
			);
			runOnlyForDeploymentPostprocessing = 0;
		};
/* End PBXFrameworksBuildPhase section */

/* Begin PBXGroup section */
		3EE7A047182255B1002E246C = {
			isa = PBXGroup;
			children = (
				3EE7A059182255B1002E246C /* PMMM */,
				3EE7A072182255B1002E246C /* PMMMTests */,
				3EE7A052182255B1002E246C /* Frameworks */,
				3EE7A051182255B1002E246C /* Products */,
			);
			sourceTree = "<group>";
		};
		3EE7A051182255B1002E246C /* Products */ = {
			isa = PBXGroup;
			children = (
				3EE7A050182255B1002E246C /* PMMM.app */,
				3EE7A06B182255B1002E246C /* PMMMTests.xctest */,
			);
			name = Products;
			sourceTree = "<group>";
		};
		3EE7A052182255B1002E246C /* Frameworks */ = {
			isa = PBXGroup;
			children = (
				3EE7A053182255B1002E246C /* Foundation.framework */,
				3EE7A055182255B1002E246C /* CoreGraphics.framework */,
				3EE7A057182255B1002E246C /* UIKit.framework */,
				3EE7A06C182255B1002E246C /* XCTest.framework */,
			);
			name = Frameworks;
			sourceTree = "<group>";
		};
		3EE7A059182255B1002E246C /* PMMM */ = {
			isa = PBXGroup;
			children = (
				3EE7A062182255B1002E246C /* AppDelegate.h */,
				3EE7A063182255B1002E246C /* AppDelegate.m */,
				3EE7A065182255B1002E246C /* Images.xcassets */,
				3EE7A05A182255B1002E246C /* Supporting Files */,
			);
			path = PMMM;
			sourceTree = "<group>";
		};
		3EE7A05A182255B1002E246C /* Supporting Files */ = {
			isa = PBXGroup;
			children = (
				3EE7A05B182255B1002E246C /* PMMM-Info.plist */,
				3EE7A05C182255B1002E246C /* InfoPlist.strings */,
				3EE7A05F182255B1002E246C /* main.m */,
				3EE7A061182255B1002E246C /* PMMM-Prefix.pch */,
			);
			name = "Supporting Files";
			sourceTree = "<group>";
		};
		3EE7A072182255B1002E246C /* PMMMTests */ = {
			isa = PBXGroup;
			children = (
				3EE7A078182255B1002E246C /* PMMMTests.m */,
				3EE7A073182255B1002E246C /* Supporting Files */,
			);
			path = PMMMTests;
			sourceTree = "<group>";
		};
		3EE7A073182255B1002E246C /* Supporting Files */ = {
			isa = PBXGroup;
			children = (
				3EE7A074182255B1002E246C /* PMMMTests-Info.plist */,
				3EE7A075182255B1002E246C /* InfoPlist.strings */,
			);
			name = "Supporting Files";
			sourceTree = "<group>";
		};
/* End PBXGroup section */

/* Begin PBXNativeTarget section */
		3EE7A04F182255B1002E246C /* PMMM */ = {
			isa = PBXNativeTarget;
			buildConfigurationList = 3EE7A07C182255B1002E246C /* Build configuration list for PBXNativeTarget "PMMM" */;
			buildPhases = (
				3EE7A04C182255B1002E246C /* Sources */,
				3EE7A04D182255B1002E246C /* Frameworks */,
				3EE7A04E182255B1002E246C /* Resources */,
			);
			buildRules = (
			);
			dependencies = (
			);
			name = PMMM;
			productName = PMMM;
			productReference = 3EE7A050182255B1002E246C /* PMMM.app */;
			productType = "com.apple.product-type.application";
		};
		3EE7A06A182255B1002E246C /* PMMMTests */ = {
			isa = PBXNativeTarget;
			buildConfigurationList = 3EE7A07F182255B1002E246C /* Build configuration list for PBXNativeTarget "PMMMTests" */;
			buildPhases = (
				3EE7A067182255B1002E246C /* Sources */,
				3EE7A068182255B1002E246C /* Frameworks */,
				3EE7A069182255B1002E246C /* Resources */,
			);
			buildRules = (
			);
			dependencies = (
				3EE7A071182255B1002E246C /* PBXTargetDependency */,
			);
			name = PMMMTests;
			productName = PMMMTests;
			productReference = 3EE7A06B182255B1002E246C /* PMMMTests.xctest */;
			productType = "com.apple.product-type.bundle.unit-test";
		};
/* End PBXNativeTarget section */

/* Begin PBXProject section */
		3EE7A048182255B1002E246C /* Project object */ = {
			isa = PBXProject;
			attributes = {
				LastUpgradeCheck = 0500;
				ORGANIZATIONNAME = "Thawatchai Pakdee";
				TargetAttributes = {
					3EE7A06A182255B1002E246C = {
						TestTargetID = 3EE7A04F182255B1002E246C;
					};
				};
			};
			buildConfigurationList = 3EE7A04B182255B1002E246C /* Build configuration list for PBXProject "PMMM" */;
			compatibilityVersion = "Xcode 3.2";
			developmentRegion = English;
			hasScannedForEncodings = 0;
			knownRegions = (
				en,
			);
			mainGroup = 3EE7A047182255B1002E246C;
			productRefGroup = 3EE7A051182255B1002E246C /* Products */;
			projectDirPath = "";
			projectRoot = "";
			targets = (
				3EE7A04F182255B1002E246C /* PMMM */,
				3EE7A06A182255B1002E246C /* PMMMTests */,
			);
		};
/* End PBXProject section */

/* Begin PBXResourcesBuildPhase section */
		3EE7A04E182255B1002E246C /* Resources */ = {
			isa = PBXResourcesBuildPhase;
			buildActionMask = 2147483647;
			files = (
				3EE7A05E182255B1002E246C /* InfoPlist.strings in Resources */,
				3EE7A066182255B1002E246C /* Images.xcassets in Resources */,
			);
			runOnlyForDeploymentPostprocessing = 0;
		};
		3EE7A069182255B1002E246C /* Resources */ = {
			isa = PBXResourcesBuildPhase;
			buildActionMask = 2147483647;
			files = (
				3EE7A077182255B1002E246C /* InfoPlist.strings in Resources */,
			);
			runOnlyForDeploymentPostprocessing = 0;
		};
/* End PBXResourcesBuildPhase section */

/* Begin PBXSourcesBuildPhase section */
		3EE7A04C182255B1002E246C /* Sources */ = {
			isa = PBXSourcesBuildPhase;
			buildActionMask = 2147483647;
			files = (
				3EE7A064182255B1002E246C /* AppDelegate.m in Sources */,
				3EE7A060182255B1002E246C /* main.m in Sources */,
			);
			runOnlyForDeploymentPostprocessing = 0;
		};
		3EE7A067182255B1002E246C /* Sources */ = {
			isa = PBXSourcesBuildPhase;
			buildActionMask = 2147483647;
			files = (
				3EE7A079182255B1002E246C /* PMMMTests.m in Sources */,
			);
			runOnlyForDeploymentPostprocessing = 0;
		};
/* End PBXSourcesBuildPhase section */

/* Begin PBXTargetDependency section */
		3EE7A071182255B1002E246C /* PBXTargetDependency */ = {
			isa = PBXTargetDependency;
			target = 3EE7A04F182255B1002E246C /* PMMM */;
			targetProxy = 3EE7A070182255B1002E246C /* PBXContainerItemProxy */;
		};
/* End PBXTargetDependency section */

/* Begin PBXVariantGroup section */
		3EE7A05C182255B1002E246C /* InfoPlist.strings */ = {
			isa = PBXVariantGroup;
			children = (
				3EE7A05D182255B1002E246C /* en */,
			);
			name = InfoPlist.strings;
			sourceTree = "<group>";
		};
		3EE7A075182255B1002E246C /* InfoPlist.strings */ = {
			isa = PBXVariantGroup;
			children = (
				3EE7A076182255B1002E246C /* en */,
			);
			name = InfoPlist.strings;
			sourceTree = "<group>";
		};
/* End PBXVariantGroup section */

/* Begin XCBuildConfiguration section */
		3EE7A07A182255B1002E246C /* Debug */ = {
			isa = XCBuildConfiguration;
			buildSettings = {
				ALWAYS_SEARCH_USER_PATHS = NO;
				ARCHS = "$(ARCHS_STANDARD_INCLUDING_64_BIT)";
				CLANG_CXX_LANGUAGE_STANDARD = "gnu++0x";
				CLANG_CXX_LIBRARY = "libc++";
				CLANG_ENABLE_MODULES = YES;
				CLANG_ENABLE_OBJC_ARC = YES;
				CLANG_WARN_BOOL_CONVERSION = YES;
				CLANG_WARN_CONSTANT_CONVERSION = YES;
				CLANG_WARN_DIRECT_OBJC_ISA_USAGE = YES_ERROR;
				CLANG_WARN_EMPTY_BODY = YES;
				CLANG_WARN_ENUM_CONVERSION = YES;
				CLANG_WARN_INT_CONVERSION = YES;
				CLANG_WARN_OBJC_ROOT_CLASS = YES_ERROR;
				CLANG_WARN__DUPLICATE_METHOD_MATCH = YES;
				"CODE_SIGN_IDENTITY[sdk=iphoneos*]" = "iPhone Developer";
				COPY_PHASE_STRIP = NO;
				GCC_C_LANGUAGE_STANDARD = gnu99;
				GCC_DYNAMIC_NO_PIC = NO;
				GCC_OPTIMIZATION_LEVEL = 0;
				GCC_PREPROCESSOR_DEFINITIONS = (
					"DEBUG=1",
					"$(inherited)",
				);
				GCC_SYMBOLS_PRIVATE_EXTERN = NO;
				GCC_WARN_64_TO_32_BIT_CONVERSION = YES;
				GCC_WARN_ABOUT_RETURN_TYPE = YES_ERROR;
				GCC_WARN_UNDECLARED_SELECTOR = YES;
				GCC_WARN_UNINITIALIZED_AUTOS = YES;
				GCC_WARN_UNUSED_FUNCTION = YES;
				GCC_WARN_UNUSED_VARIABLE = YES;
				IPHONEOS_DEPLOYMENT_TARGET = 7.0;
				ONLY_ACTIVE_ARCH = YES;
				SDKROOT = iphoneos;
				TARGETED_DEVICE_FAMILY = 2;
			};
			name = Debug;
		};
		3EE7A07B182255B1002E246C /* Release */ = {
			isa = XCBuildConfiguration;
			buildSettings = {
				ALWAYS_SEARCH_USER_PATHS = NO;
				ARCHS = "$(ARCHS_STANDARD_INCLUDING_64_BIT)";
				CLANG_CXX_LANGUAGE_STANDARD = "gnu++0x";
				CLANG_CXX_LIBRARY = "libc++";
				CLANG_ENABLE_MODULES = YES;
				CLANG_ENABLE_OBJC_ARC = YES;
				CLANG_WARN_BOOL_CONVERSION = YES;
				CLANG_WARN_CONSTANT_CONVERSION = YES;
				CLANG_WARN_DIRECT_OBJC_ISA_USAGE = YES_ERROR;
				CLANG_WARN_EMPTY_BODY = YES;
				CLANG_WARN_ENUM_CONVERSION = YES;
				CLANG_WARN_INT_CONVERSION = YES;
				CLANG_WARN_OBJC_ROOT_CLASS = YES_ERROR;
				CLANG_WARN__DUPLICATE_METHOD_MATCH = YES;
				"CODE_SIGN_IDENTITY[sdk=iphoneos*]" = "iPhone Developer";
				COPY_PHASE_STRIP = YES;
				ENABLE_NS_ASSERTIONS = NO;
				GCC_C_LANGUAGE_STANDARD = gnu99;
				GCC_WARN_64_TO_32_BIT_CONVERSION = YES;
				GCC_WARN_ABOUT_RETURN_TYPE = YES_ERROR;
				GCC_WARN_UNDECLARED_SELECTOR = YES;
				GCC_WARN_UNINITIALIZED_AUTOS = YES;
				GCC_WARN_UNUSED_FUNCTION = YES;
				GCC_WARN_UNUSED_VARIABLE = YES;
				IPHONEOS_DEPLOYMENT_TARGET = 7.0;
				SDKROOT = iphoneos;
				TARGETED_DEVICE_FAMILY = 2;
				VALIDATE_PRODUCT = YES;
			};
			name = Release;
		};
		3EE7A07D182255B1002E246C /* Debug */ = {
			isa = XCBuildConfiguration;
			buildSettings = {
				ASSETCATALOG_COMPILER_APPICON_NAME = AppIcon;
				ASSETCATALOG_COMPILER_LAUNCHIMAGE_NAME = LaunchImage;
				GCC_PRECOMPILE_PREFIX_HEADER = YES;
				GCC_PREFIX_HEADER = "PMMM/PMMM-Prefix.pch";
				INFOPLIST_FILE = "PMMM/PMMM-Info.plist";
				PRODUCT_NAME = "$(TARGET_NAME)";
				WRAPPER_EXTENSION = app;
			};
			name = Debug;
		};
		3EE7A07E182255B1002E246C /* Release */ = {
			isa = XCBuildConfiguration;
			buildSettings = {
				ASSETCATALOG_COMPILER_APPICON_NAME = AppIcon;
				ASSETCATALOG_COMPILER_LAUNCHIMAGE_NAME = LaunchImage;
				GCC_PRECOMPILE_PREFIX_HEADER = YES;
				GCC_PREFIX_HEADER = "PMMM/PMMM-Prefix.pch";
				INFOPLIST_FILE = "PMMM/PMMM-Info.plist";
				PRODUCT_NAME = "$(TARGET_NAME)";
				WRAPPER_EXTENSION = app;
			};
			name = Release;
		};
		3EE7A080182255B1002E246C /* Debug */ = {
			isa = XCBuildConfiguration;
			buildSettings = {
				ARCHS = "$(ARCHS_STANDARD_INCLUDING_64_BIT)";
				BUNDLE_LOADER = "$(BUILT_PRODUCTS_DIR)/PMMM.app/PMMM";
				FRAMEWORK_SEARCH_PATHS = (
					"$(SDKROOT)/Developer/Library/Frameworks",
					"$(inherited)",
					"$(DEVELOPER_FRAMEWORKS_DIR)",
				);
				GCC_PRECOMPILE_PREFIX_HEADER = YES;
				GCC_PREFIX_HEADER = "PMMM/PMMM-Prefix.pch";
				GCC_PREPROCESSOR_DEFINITIONS = (
					"DEBUG=1",
					"$(inherited)",
				);
				INFOPLIST_FILE = "PMMMTests/PMMMTests-Info.plist";
				PRODUCT_NAME = "$(TARGET_NAME)";
				TEST_HOST = "$(BUNDLE_LOADER)";
				WRAPPER_EXTENSION = xctest;
			};
			name = Debug;
		};
		3EE7A081182255B1002E246C /* Release */ = {
			isa = XCBuildConfiguration;
			buildSettings = {
				ARCHS = "$(ARCHS_STANDARD_INCLUDING_64_BIT)";
				BUNDLE_LOADER = "$(BUILT_PRODUCTS_DIR)/PMMM.app/PMMM";
				FRAMEWORK_SEARCH_PATHS = (
					"$(SDKROOT)/Developer/Library/Frameworks",
					"$(inherited)",
					"$(DEVELOPER_FRAMEWORKS_DIR)",
				);
				GCC_PRECOMPILE_PREFIX_HEADER = YES;
				GCC_PREFIX_HEADER = "PMMM/PMMM-Prefix.pch";
				INFOPLIST_FILE = "PMMMTests/PMMMTests-Info.plist";
				PRODUCT_NAME = "$(TARGET_NAME)";
				TEST_HOST = "$(BUNDLE_LOADER)";
				WRAPPER_EXTENSION = xctest;
			};
			name = Release;
		};
/* End XCBuildConfiguration section */

/* Begin XCConfigurationList section */
		3EE7A04B182255B1002E246C /* Build configuration list for PBXProject "PMMM" */ = {
			isa = XCConfigurationList;
			buildConfigurations = (
				3EE7A07A182255B1002E246C /* Debug */,
				3EE7A07B182255B1002E246C /* Release */,
			);
			defaultConfigurationIsVisible = 0;
			defaultConfigurationName = Release;
		};
		3EE7A07C182255B1002E246C /* Build configuration list for PBXNativeTarget "PMMM" */ = {
			isa = XCConfigurationList;
			buildConfigurations = (
				3EE7A07D182255B1002E246C /* Debug */,
				3EE7A07E182255B1002E246C /* Release */,
			);
			defaultConfigurationIsVisible = 0;
		};
		3EE7A07F182255B1002E246C /* Build configuration list for PBXNativeTarget "PMMMTests" */ = {
			isa = XCConfigurationList;
			buildConfigurations = (
				3EE7A080182255B1002E246C /* Debug */,
				3EE7A081182255B1002E246C /* Release */,
			);
			defaultConfigurationIsVisible = 0;
		};
/* End XCConfigurationList section */
	};
	rootObject = 3EE7A048182255B1002E246C /* Project object */;
}
